
Microsoft Visual Studio Solution File, Format Version 12.00
# Visual Studio Version 17
VisualStudioVersion = 17.0.32014.148
MinimumVisualStudioVersion = 10.0.40219.1
Project("{FAE04EC0-301F-11D3-BF4B-00C04F79EFBC}") = "TabeNK be K", "TabeNK be K\TabeNK be K.csproj", "{4C41C5AB-C1AA-4335-A3D8-F205B88B6B73}"
EndProject
Global
	GlobalSection(SolutionConfigurationPlatforms) = preSolution
		Debug|Any CPU = Debug|Any CPU
		Release|Any CPU = Release|Any CPU
	EndGlobalSection
	GlobalSection(ProjectConfigurationPlatforms) = postSolution
		{4C41C5AB-C1AA-4335-A3D8-F205B88B6B73}.Debug|Any CPU.ActiveCfg = Debug|Any CPU
		{4C41C5AB-C1AA-4335-A3D8-F205B88B6B73}.Debug|Any CPU.Build.0 = Debug|Any CPU
		{4C41C5AB-C1AA-4335-A3D8-F205B88B6B73}.Release|Any CPU.ActiveCfg = Release|Any CPU
		{4C41C5AB-C1AA-4335-A3D8-F205B88B6B73}.Release|Any CPU.Build.0 = Release|Any CPU
	EndGlobalSection
	GlobalSection(SolutionProperties) = preSolution
		HideSolutionNode = FALSE
	EndGlobalSection
	GlobalSection(ExtensibilityGlobals) = postSolution
		SolutionGuid = {D334893D-546C-4232-AD82-56958DA1A5F6}
	EndGlobalSection
EndGlobal
